
Microsoft Visual Studio Solution File, Format Version 12.00
# Visual Studio Version 16
VisualStudioVersion = 16.0.29324.140
MinimumVisualStudioVersion = 10.0.40219.1
Project("{2150E333-8FDC-42A3-9474-1A3956D46DE8}") = "Tools", "Tools", "{F0AB6902-24DF-4A70-AD1B-ED7917A47394}"
EndProject
Project("{9A19103F-16F7-4668-BE54-9A1E7A4F7556}") = "EncryptDecryptCore", "Tools\EncryptDecryptCore\EncryptDecryptCore.csproj", "{00E48066-C163-4111-B4BC-4162EEDF0007}"
EndProject
Project("{9A19103F-16F7-4668-BE54-9A1E7A4F7556}") = "FrontendEnumGenerator", "Tools\FrontendEnumGenerator\FrontendEnumGenerator.csproj", "{35FAF4C4-0A67-4619-9082-D5826A3BADBA}"
EndProject
Project("{FAE04EC0-301F-11D3-BF4B-00C04F79EFBC}") = "FrontendTranslationGenerator", "Tools\FrontendTranslationGenerator\FrontendTranslationGenerator.csproj", "{C6D0EA2D-67B1-4469-ADA5-9083D1AA4252}"
EndProject
Project("{2150E333-8FDC-42A3-9474-1A3956D46DE8}") = "Services", "Services", "{1BAD3139-7B5D-4765-9946-58DEC5EF66D1}"
EndProject
Project("{2150E333-8FDC-42A3-9474-1A3956D46DE8}") = "Common", "Common", "{D7306FF5-8A9F-492B-A85D-5FBBC877F213}"
EndProject
Project("{9A19103F-16F7-4668-BE54-9A1E7A4F7556}") = "MooMed.Common.Definitions", "Common\MooMed.Common.Definitions\MooMed.Common.Definitions.csproj", "{62CA6A1D-EF5B-4F9C-A66A-1D986D860927}"
EndProject
Project("{9A19103F-16F7-4668-BE54-9A1E7A4F7556}") = "MooMed.Core", "Common\MooMed.Core\MooMed.Core.csproj", "{DF1DAEDB-3BE6-4C77-AAEC-B1731ADC2795}"
EndProject
Project("{2150E333-8FDC-42A3-9474-1A3956D46DE8}") = "Tests", "Tests", "{96D518EE-4A86-4872-9A14-F35E5A03D1C5}"
EndProject
Project("{9A19103F-16F7-4668-BE54-9A1E7A4F7556}") = "MooMed.Core.Tests", "Tests\MooMed.Core.Tests\MooMed.Core.Tests.csproj", "{AFF03D57-D8FC-4CC1-9463-F27414310661}"
EndProject
Project("{2150E333-8FDC-42A3-9474-1A3956D46DE8}") = "Modules", "Modules", "{C04C1E2B-A6D9-4EB0-AC29-74A537DA03C6}"
EndProject
Project("{9A19103F-16F7-4668-BE54-9A1E7A4F7556}") = "MooMed.Module.Accounts", "Modules\MooMed.Module.Account\MooMed.Module.Accounts.csproj", "{4769A9BB-2302-4FF8-994B-0BBD6997423E}"
EndProject
Project("{9A19103F-16F7-4668-BE54-9A1E7A4F7556}") = "MooMed.TestBase", "Tests\MooMed.TestBase\MooMed.TestBase.csproj", "{05EF9257-6A16-41AF-AA26-647DB8D484A6}"
EndProject
Project("{9A19103F-16F7-4668-BE54-9A1E7A4F7556}") = "MooMed.Azure", "Common\MooMed.Azure\MooMed.Azure.csproj", "{3B25F622-1E79-4F09-ACD4-D3473621FDD5}"
EndProject
Project("{9A19103F-16F7-4668-BE54-9A1E7A4F7556}") = "MooMed.Caching", "Common\MooMed.Caching\MooMed.Caching.csproj", "{743D0C1D-9345-447C-9A28-BBC4CFC9686D}"
EndProject
Project("{9A19103F-16F7-4668-BE54-9A1E7A4F7556}") = "MooMed.IPC", "Common\MooMed.IPC\MooMed.IPC.csproj", "{12F668BB-75AC-496B-8C40-07809B150382}"
EndProject
Project("{9A19103F-16F7-4668-BE54-9A1E7A4F7556}") = "MooMed.Grpc", "Common\MooMed.Grpc\MooMed.Grpc.csproj", "{20EA4F88-4E03-4DE7-9E6F-CFE7C5132D50}"
EndProject
Project("{9A19103F-16F7-4668-BE54-9A1E7A4F7556}") = "MooMed.ProfilePictureService", "Services\MooMed.ProfilePictureService\MooMed.ProfilePictureService.csproj", "{3B3D0203-2883-4AEE-9FC2-566447C69CA7}"
EndProject
Project("{9A19103F-16F7-4668-BE54-9A1E7A4F7556}") = "MooMed.Common.ServiceBase", "Common\MooMed.Common.ServiceBase\MooMed.Common.ServiceBase.csproj", "{1823E3A1-24FD-403B-BD90-7BF3B2E83478}"
EndProject
Project("{9A19103F-16F7-4668-BE54-9A1E7A4F7556}") = "MooMed.AspNetCore", "Common\MooMed.AspNetCore\MooMed.AspNetCore.csproj", "{1490B505-31C9-4098-B4B6-B478401D942B}"
EndProject
Project("{9A19103F-16F7-4668-BE54-9A1E7A4F7556}") = "MooMed.AccountService", "Services\MooMed.AccountService\MooMed.AccountService.csproj", "{501FC235-0C9E-4635-8A7A-9583213608CC}"
EndProject
Project("{9A19103F-16F7-4668-BE54-9A1E7A4F7556}") = "MooMed.SessionService", "Services\MooMed.SessionService\MooMed.SessionService.csproj", "{B1B10767-2335-4887-A9D2-01A9C2DCA7BC}"
EndProject
Project("{9A19103F-16F7-4668-BE54-9A1E7A4F7556}") = "MooMed.AccountValidationService", "Services\MooMed.AccountValidationService\MooMed.AccountValidationService.csproj", "{DBC2AD9B-0B47-46A9-BDCB-7D849EF21271}"
EndProject
Project("{9A19103F-16F7-4668-BE54-9A1E7A4F7556}") = "MooMed.SearchService", "Services\MooMed.SearchService\MooMed.SearchService.csproj", "{BD700E9F-F509-4A62-B1EE-5C26C0E56FE8}"
EndProject
Project("{E53339B2-1760-4266-BCC7-CA923CBCF16C}") = "MooMed", "MooMed.dcproj", "{AAA8C1AD-C0A4-4F14-A34E-5BEB81974E2D}"
EndProject
Project("{9A19103F-16F7-4668-BE54-9A1E7A4F7556}") = "MooMed.Module.Session", "Modules\MooMed.Module.Session\MooMed.Module.Session.csproj", "{2327473A-3430-42EB-AD1B-126A69B29952}"
EndProject
Project("{9A19103F-16F7-4668-BE54-9A1E7A4F7556}") = "MooMed.Module.Finance", "Modules\MooMed.Module.Finance\MooMed.Module.Finance.csproj", "{3900B556-1A8A-452E-BBB4-55BADFCE9FD3}"
EndProject
Project("{9A19103F-16F7-4668-BE54-9A1E7A4F7556}") = "MooMed.FinanceService", "Services\MooMed.FinanceService\MooMed.FinanceService.csproj", "{5AE5AB93-3DF4-4638-A98C-2E027718D9A1}"
EndProject
Project("{9A19103F-16F7-4668-BE54-9A1E7A4F7556}") = "MooMed.Common.Database", "Common\MooMed.Common.Database\MooMed.Common.Database.csproj", "{98842937-E858-47F8-8558-3A5D51F76A71}"
EndProject
Project("{2150E333-8FDC-42A3-9474-1A3956D46DE8}") = "Workers", "Workers", "{8C42D349-CB5F-4637-8639-201EED8235E7}"
EndProject
Project("{9A19103F-16F7-4668-BE54-9A1E7A4F7556}") = "KubeWatcher", "Workers\KubeWatcher\KubeWatcher.csproj", "{0EAAD6F2-5234-44FC-9C54-E5003D7CBC28}"
EndProject
Project("{9A19103F-16F7-4668-BE54-9A1E7A4F7556}") = "MooMed.Eventing", "Common\MooMed.Eventing\MooMed.Eventing.csproj", "{F3A7342D-85FB-4A40-B4EC-CDC8E5FFD57E}"
EndProject
Project("{9A19103F-16F7-4668-BE54-9A1E7A4F7556}") = "MooMed.Identity", "Common\MooMed.Identity\MooMed.Identity.csproj", "{15078B6D-53AD-484C-AA44-42F3CF624186}"
EndProject
Project("{9A19103F-16F7-4668-BE54-9A1E7A4F7556}") = "MooMed.DependencyInjection", "Common\MooMed.DependencyInjection\MooMed.DependencyInjection.csproj", "{4F1F9B64-0A1C-4BB9-BF26-D802C80145EB}"
EndProject
Project("{2150E333-8FDC-42A3-9474-1A3956D46DE8}") = "Functions", "Functions", "{764D4AA2-3279-4036-A0E4-F545C8EC4BB3}"
EndProject
Project("{9A19103F-16F7-4668-BE54-9A1E7A4F7556}") = "MooMed.SignalR", "Common\MooMed.SignalR\MooMed.SignalR.csproj", "{46745C6F-DA63-497C-A0B4-64DF56648AAD}"
EndProject
Project("{9A19103F-16F7-4668-BE54-9A1E7A4F7556}") = "MooMed.ChatService", "Services\MooMed.ChatService\MooMed.ChatService.csproj", "{5A6F312D-98DA-4F3D-BE33-81B46AB694D8}"
EndProject
Project("{9A19103F-16F7-4668-BE54-9A1E7A4F7556}") = "MooMed.Module.Chat", "Modules\MooMed.Module.Chat\MooMed.Module.Chat.csproj", "{70E3EB17-DCFA-4699-AD03-4506643BCAB6}"
EndProject
Project("{9A19103F-16F7-4668-BE54-9A1E7A4F7556}") = "MooMed.Monitoring", "Services\MooMed.Monitoring\MooMed.Monitoring.csproj", "{DB469F66-63DE-4F5D-BB8A-CB9477D81216}"
EndProject
Project("{9A19103F-16F7-4668-BE54-9A1E7A4F7556}") = "MooMed.Module.Monitoring", "Modules\MooMed.Module.Monitoring\MooMed.Module.Monitoring.csproj", "{3A9E9D6B-420F-4B50-9B62-007FBB56D034}"
EndProject
Project("{9A19103F-16F7-4668-BE54-9A1E7A4F7556}") = "MooMed.Module.Portfolio", "Modules\MooMed.Module.Portfolio\MooMed.Module.Portfolio.csproj", "{C82E7FB3-C2FF-4B78-A288-3561B8041364}"
EndProject
Project("{2150E333-8FDC-42A3-9474-1A3956D46DE8}") = "TableStorageLog", "TableStorageLog", "{485C1406-5784-40F8-8732-622F4AFF393D}"
EndProject
Project("{9A19103F-16F7-4668-BE54-9A1E7A4F7556}") = "TableStorageLogViewer", "Tools\TableStorageLog\TableStorageLogViewer\TableStorageLogViewer.csproj", "{C36425F3-3DD1-49D4-939B-99F07BEF9AE7}"
EndProject
Project("{9A19103F-16F7-4668-BE54-9A1E7A4F7556}") = "EncryptGuiCore", "Tools\EncryptGuiCore\EncryptGuiCore.csproj", "{19F78F50-3D0B-425B-8D36-5C8989AD30C6}"
EndProject
Project("{9A19103F-16F7-4668-BE54-9A1E7A4F7556}") = "MooMed.Logging", "Common\MooMed.Logging\MooMed.Logging.csproj", "{AE811752-5C93-4AE6-8A96-018E9DED7F98}"
EndProject
Project("{9A19103F-16F7-4668-BE54-9A1E7A4F7556}") = "MooMed.Configuration", "Common\MooMed.Configuration\MooMed.Configuration.csproj", "{71DB3706-B3E5-469F-834B-800A2AD6742C}"
EndProject
Project("{9A19103F-16F7-4668-BE54-9A1E7A4F7556}") = "MooMed.Encryption", "Common\MooMed.Encryption\MooMed.Encryption.csproj", "{A15782BE-5AC2-4743-905E-42389FF16390}"
EndProject
Project("{9A19103F-16F7-4668-BE54-9A1E7A4F7556}") = "MooMed.DotNet", "Common\MooMed.DotNet\MooMed.DotNet.csproj", "{3DB1401B-6BBE-46CF-BE18-1B6D025E680F}"
EndProject
Project("{9A19103F-16F7-4668-BE54-9A1E7A4F7556}") = "MooMed.DotNet.Tests", "Common\MooMed.DotNet.Tests\MooMed.DotNet.Tests.csproj", "{66CE1A96-EE7B-424E-81B2-75ACC06D5EE6}"
EndProject
Project("{9A19103F-16F7-4668-BE54-9A1E7A4F7556}") = "MooMed.Frontend", "Services\MooMed.Frontend\MooMed.Frontend.csproj", "{B62A14BF-72F1-4734-905A-9297C05DBA8B}"
EndProject
Project("{9A19103F-16F7-4668-BE54-9A1E7A4F7556}") = "MooMed.Module.AccountValidation", "Modules\MooMed.Module.AccountValidation\MooMed.Module.AccountValidation.csproj", "{4F7F5EB1-039E-4CB0-A01D-C45B08A9A5BD}"
EndProject
Project("{2150E333-8FDC-42A3-9474-1A3956D46DE8}") = "AccountModules", "AccountModules", "{26727660-447D-4AA4-9CFA-8092996DB5EE}"
EndProject
Project("{9A19103F-16F7-4668-BE54-9A1E7A4F7556}") = "MooMed.AspNetCore.Identity", "Common\MooMed.AspNetCore.Identity\MooMed.AspNetCore.Identity.csproj", "{CB9AB7B9-84C2-4C60-B9A9-B2D250A98020}"
EndProject
Project("{9A19103F-16F7-4668-BE54-9A1E7A4F7556}") = "MooMed.AspNetCore.Tests", "Common\MooMed.AspNetCore.Tests\MooMed.AspNetCore.Tests.csproj", "{87246907-8646-429C-A08C-893E090B3C45}"
EndProject
Project("{9A19103F-16F7-4668-BE54-9A1E7A4F7556}") = "MooMed.ServiceBase", "Common\MooMed.ServiceBase\MooMed.ServiceBase.csproj", "{883575D7-FA8B-4AB9-868E-FE9346674C61}"
EndProject
Project("{9A19103F-16F7-4668-BE54-9A1E7A4F7556}") = "MooMed.Caching.Tests", "Tests\MooMed.Caching.Tests\MooMed.Caching.Tests.csproj", "{05A7815F-1F66-42C0-861A-710032E27720}"
EndProject
Project("{9A19103F-16F7-4668-BE54-9A1E7A4F7556}") = "GrpcProxyGenerator", "Tools\GrpcProxyGenerator\GrpcProxyGenerator.csproj", "{0E5DE8D4-7839-481D-AEAB-A70CB157C822}"
EndProject
Project("{9A19103F-16F7-4668-BE54-9A1E7A4F7556}") = "MooMed.Serialization", "Common\MooMed.Serialization\MooMed.Serialization.csproj", "{EFF2E69C-7C53-4CD3-A462-E392ED4BBD7F}"
EndProject
Project("{9A19103F-16F7-4668-BE54-9A1E7A4F7556}") = "MooMed.SavingService", "Services\MooMed.SavingService\MooMed.SavingService.csproj", "{8100111B-0FE8-4BF1-B504-25E3A2991C54}"
EndProject
Project("{9A19103F-16F7-4668-BE54-9A1E7A4F7556}") = "MooMed.Module.Saving", "Modules\MooMed.Module.Saving\MooMed.Module.Saving.csproj", "{F0059456-2AC4-43D5-ACE1-AF9BD0303AC9}"
EndProject
Project("{2150E333-8FDC-42A3-9474-1A3956D46DE8}") = "Definitions", "Definitions", "{68F82D92-2A8C-4B25-A5B9-5374F6B5D372}"
EndProject
Project("{9A19103F-16F7-4668-BE54-9A1E7A4F7556}") = "MooMed.RemotingProxies", "Common\MooMed.RemotingProxies\MooMed.RemotingProxies.csproj", "{CDB9C74E-511A-45DD-9CA5-5DAC6AD9DC80}"
EndProject
Project("{9A19103F-16F7-4668-BE54-9A1E7A4F7556}") = "MooMed.Common.ServiceBase.Tests", "Tests\MooMed.Common.ServiceBase.Tests\MooMed.Common.ServiceBase.Tests.csproj", "{2BEA556A-80B2-4C80-B0BB-5138EE642A2B}"
EndProject
Project("{FAE04EC0-301F-11D3-BF4B-00C04F79EFBC}") = "MooMed.Eventing.Tests", "Tests\MooMed.Eventing.Tests\MooMed.Eventing.Tests.csproj", "{AA2F3813-B99A-4058-B8E9-1D7F67411F07}"
EndProject
Global
	GlobalSection(SolutionConfigurationPlatforms) = preSolution
		Debug|Any CPU = Debug|Any CPU
		Debug|x64 = Debug|x64
		Release|Any CPU = Release|Any CPU
		Release|x64 = Release|x64
	EndGlobalSection
	GlobalSection(ProjectConfigurationPlatforms) = postSolution
		{00E48066-C163-4111-B4BC-4162EEDF0007}.Debug|Any CPU.ActiveCfg = Debug|x64
		{00E48066-C163-4111-B4BC-4162EEDF0007}.Debug|x64.ActiveCfg = Debug|x64
		{00E48066-C163-4111-B4BC-4162EEDF0007}.Debug|x64.Build.0 = Debug|x64
		{00E48066-C163-4111-B4BC-4162EEDF0007}.Release|Any CPU.ActiveCfg = Release|x64
		{00E48066-C163-4111-B4BC-4162EEDF0007}.Release|x64.ActiveCfg = Release|x64
		{00E48066-C163-4111-B4BC-4162EEDF0007}.Release|x64.Build.0 = Release|x64
		{35FAF4C4-0A67-4619-9082-D5826A3BADBA}.Debug|Any CPU.ActiveCfg = Debug|Any CPU
		{35FAF4C4-0A67-4619-9082-D5826A3BADBA}.Debug|Any CPU.Build.0 = Debug|Any CPU
		{35FAF4C4-0A67-4619-9082-D5826A3BADBA}.Debug|x64.ActiveCfg = Debug|x64
		{35FAF4C4-0A67-4619-9082-D5826A3BADBA}.Debug|x64.Build.0 = Debug|x64
		{35FAF4C4-0A67-4619-9082-D5826A3BADBA}.Release|Any CPU.ActiveCfg = Release|Any CPU
		{35FAF4C4-0A67-4619-9082-D5826A3BADBA}.Release|Any CPU.Build.0 = Release|Any CPU
		{35FAF4C4-0A67-4619-9082-D5826A3BADBA}.Release|x64.ActiveCfg = Release|Any CPU
		{35FAF4C4-0A67-4619-9082-D5826A3BADBA}.Release|x64.Build.0 = Release|Any CPU
		{C6D0EA2D-67B1-4469-ADA5-9083D1AA4252}.Debug|Any CPU.ActiveCfg = Debug|x64
		{C6D0EA2D-67B1-4469-ADA5-9083D1AA4252}.Debug|x64.ActiveCfg = Debug|x64
		{C6D0EA2D-67B1-4469-ADA5-9083D1AA4252}.Debug|x64.Build.0 = Debug|x64
		{C6D0EA2D-67B1-4469-ADA5-9083D1AA4252}.Release|Any CPU.ActiveCfg = Release|x64
		{C6D0EA2D-67B1-4469-ADA5-9083D1AA4252}.Release|x64.ActiveCfg = Release|x64
		{C6D0EA2D-67B1-4469-ADA5-9083D1AA4252}.Release|x64.Build.0 = Release|x64
		{62CA6A1D-EF5B-4F9C-A66A-1D986D860927}.Debug|Any CPU.ActiveCfg = Debug|Any CPU
		{62CA6A1D-EF5B-4F9C-A66A-1D986D860927}.Debug|Any CPU.Build.0 = Debug|Any CPU
		{62CA6A1D-EF5B-4F9C-A66A-1D986D860927}.Debug|x64.ActiveCfg = Debug|x64
		{62CA6A1D-EF5B-4F9C-A66A-1D986D860927}.Debug|x64.Build.0 = Debug|x64
		{62CA6A1D-EF5B-4F9C-A66A-1D986D860927}.Release|Any CPU.ActiveCfg = Release|Any CPU
		{62CA6A1D-EF5B-4F9C-A66A-1D986D860927}.Release|Any CPU.Build.0 = Release|Any CPU
		{62CA6A1D-EF5B-4F9C-A66A-1D986D860927}.Release|x64.ActiveCfg = Release|x64
		{62CA6A1D-EF5B-4F9C-A66A-1D986D860927}.Release|x64.Build.0 = Release|x64
		{DF1DAEDB-3BE6-4C77-AAEC-B1731ADC2795}.Debug|Any CPU.ActiveCfg = Debug|Any CPU
		{DF1DAEDB-3BE6-4C77-AAEC-B1731ADC2795}.Debug|Any CPU.Build.0 = Debug|Any CPU
		{DF1DAEDB-3BE6-4C77-AAEC-B1731ADC2795}.Debug|x64.ActiveCfg = Debug|x64
		{DF1DAEDB-3BE6-4C77-AAEC-B1731ADC2795}.Debug|x64.Build.0 = Debug|x64
		{DF1DAEDB-3BE6-4C77-AAEC-B1731ADC2795}.Release|Any CPU.ActiveCfg = Release|x64
		{DF1DAEDB-3BE6-4C77-AAEC-B1731ADC2795}.Release|Any CPU.Build.0 = Release|x64
		{DF1DAEDB-3BE6-4C77-AAEC-B1731ADC2795}.Release|x64.ActiveCfg = Release|x64
		{DF1DAEDB-3BE6-4C77-AAEC-B1731ADC2795}.Release|x64.Build.0 = Release|x64
		{AFF03D57-D8FC-4CC1-9463-F27414310661}.Debug|Any CPU.ActiveCfg = Debug|Any CPU
		{AFF03D57-D8FC-4CC1-9463-F27414310661}.Debug|Any CPU.Build.0 = Debug|Any CPU
		{AFF03D57-D8FC-4CC1-9463-F27414310661}.Debug|x64.ActiveCfg = Debug|x64
		{AFF03D57-D8FC-4CC1-9463-F27414310661}.Debug|x64.Build.0 = Debug|x64
		{AFF03D57-D8FC-4CC1-9463-F27414310661}.Release|Any CPU.ActiveCfg = Release|x64
		{AFF03D57-D8FC-4CC1-9463-F27414310661}.Release|x64.ActiveCfg = Release|x64
		{AFF03D57-D8FC-4CC1-9463-F27414310661}.Release|x64.Build.0 = Release|x64
		{4769A9BB-2302-4FF8-994B-0BBD6997423E}.Debug|Any CPU.ActiveCfg = Debug|Any CPU
		{4769A9BB-2302-4FF8-994B-0BBD6997423E}.Debug|Any CPU.Build.0 = Debug|Any CPU
		{4769A9BB-2302-4FF8-994B-0BBD6997423E}.Debug|x64.ActiveCfg = Debug|x64
		{4769A9BB-2302-4FF8-994B-0BBD6997423E}.Debug|x64.Build.0 = Debug|x64
		{4769A9BB-2302-4FF8-994B-0BBD6997423E}.Release|Any CPU.ActiveCfg = Release|x64
		{4769A9BB-2302-4FF8-994B-0BBD6997423E}.Release|Any CPU.Build.0 = Release|x64
		{4769A9BB-2302-4FF8-994B-0BBD6997423E}.Release|x64.ActiveCfg = Release|x64
		{4769A9BB-2302-4FF8-994B-0BBD6997423E}.Release|x64.Build.0 = Release|x64
		{05EF9257-6A16-41AF-AA26-647DB8D484A6}.Debug|Any CPU.ActiveCfg = Debug|Any CPU
		{05EF9257-6A16-41AF-AA26-647DB8D484A6}.Debug|Any CPU.Build.0 = Debug|Any CPU
		{05EF9257-6A16-41AF-AA26-647DB8D484A6}.Debug|x64.ActiveCfg = Debug|x64
		{05EF9257-6A16-41AF-AA26-647DB8D484A6}.Debug|x64.Build.0 = Debug|x64
		{05EF9257-6A16-41AF-AA26-647DB8D484A6}.Release|Any CPU.ActiveCfg = Release|x64
		{05EF9257-6A16-41AF-AA26-647DB8D484A6}.Release|Any CPU.Build.0 = Release|x64
		{05EF9257-6A16-41AF-AA26-647DB8D484A6}.Release|x64.ActiveCfg = Release|x64
		{05EF9257-6A16-41AF-AA26-647DB8D484A6}.Release|x64.Build.0 = Release|x64
		{3B25F622-1E79-4F09-ACD4-D3473621FDD5}.Debug|Any CPU.ActiveCfg = Debug|Any CPU
		{3B25F622-1E79-4F09-ACD4-D3473621FDD5}.Debug|Any CPU.Build.0 = Debug|Any CPU
		{3B25F622-1E79-4F09-ACD4-D3473621FDD5}.Debug|x64.ActiveCfg = Debug|x64
		{3B25F622-1E79-4F09-ACD4-D3473621FDD5}.Debug|x64.Build.0 = Debug|x64
		{3B25F622-1E79-4F09-ACD4-D3473621FDD5}.Release|Any CPU.ActiveCfg = Release|Any CPU
		{3B25F622-1E79-4F09-ACD4-D3473621FDD5}.Release|Any CPU.Build.0 = Release|Any CPU
		{3B25F622-1E79-4F09-ACD4-D3473621FDD5}.Release|x64.ActiveCfg = Release|x64
		{3B25F622-1E79-4F09-ACD4-D3473621FDD5}.Release|x64.Build.0 = Release|x64
		{743D0C1D-9345-447C-9A28-BBC4CFC9686D}.Debug|Any CPU.ActiveCfg = Debug|Any CPU
		{743D0C1D-9345-447C-9A28-BBC4CFC9686D}.Debug|Any CPU.Build.0 = Debug|Any CPU
		{743D0C1D-9345-447C-9A28-BBC4CFC9686D}.Debug|x64.ActiveCfg = Debug|x64
		{743D0C1D-9345-447C-9A28-BBC4CFC9686D}.Debug|x64.Build.0 = Debug|x64
		{743D0C1D-9345-447C-9A28-BBC4CFC9686D}.Release|Any CPU.ActiveCfg = Release|Any CPU
		{743D0C1D-9345-447C-9A28-BBC4CFC9686D}.Release|Any CPU.Build.0 = Release|Any CPU
		{743D0C1D-9345-447C-9A28-BBC4CFC9686D}.Release|x64.ActiveCfg = Release|x64
		{743D0C1D-9345-447C-9A28-BBC4CFC9686D}.Release|x64.Build.0 = Release|x64
		{12F668BB-75AC-496B-8C40-07809B150382}.Debug|Any CPU.ActiveCfg = Debug|Any CPU
		{12F668BB-75AC-496B-8C40-07809B150382}.Debug|Any CPU.Build.0 = Debug|Any CPU
		{12F668BB-75AC-496B-8C40-07809B150382}.Debug|x64.ActiveCfg = Debug|x64
		{12F668BB-75AC-496B-8C40-07809B150382}.Debug|x64.Build.0 = Debug|x64
		{12F668BB-75AC-496B-8C40-07809B150382}.Release|Any CPU.ActiveCfg = Release|Any CPU
		{12F668BB-75AC-496B-8C40-07809B150382}.Release|Any CPU.Build.0 = Release|Any CPU
		{12F668BB-75AC-496B-8C40-07809B150382}.Release|x64.ActiveCfg = Release|Any CPU
		{12F668BB-75AC-496B-8C40-07809B150382}.Release|x64.Build.0 = Release|Any CPU
		{20EA4F88-4E03-4DE7-9E6F-CFE7C5132D50}.Debug|Any CPU.ActiveCfg = Debug|Any CPU
		{20EA4F88-4E03-4DE7-9E6F-CFE7C5132D50}.Debug|Any CPU.Build.0 = Debug|Any CPU
		{20EA4F88-4E03-4DE7-9E6F-CFE7C5132D50}.Debug|x64.ActiveCfg = Debug|x64
		{20EA4F88-4E03-4DE7-9E6F-CFE7C5132D50}.Debug|x64.Build.0 = Debug|x64
		{20EA4F88-4E03-4DE7-9E6F-CFE7C5132D50}.Release|Any CPU.ActiveCfg = Release|Any CPU
		{20EA4F88-4E03-4DE7-9E6F-CFE7C5132D50}.Release|Any CPU.Build.0 = Release|Any CPU
		{20EA4F88-4E03-4DE7-9E6F-CFE7C5132D50}.Release|x64.ActiveCfg = Release|Any CPU
		{20EA4F88-4E03-4DE7-9E6F-CFE7C5132D50}.Release|x64.Build.0 = Release|Any CPU
		{3B3D0203-2883-4AEE-9FC2-566447C69CA7}.Debug|Any CPU.ActiveCfg = Debug|Any CPU
		{3B3D0203-2883-4AEE-9FC2-566447C69CA7}.Debug|Any CPU.Build.0 = Debug|Any CPU
		{3B3D0203-2883-4AEE-9FC2-566447C69CA7}.Debug|x64.ActiveCfg = Debug|Any CPU
		{3B3D0203-2883-4AEE-9FC2-566447C69CA7}.Debug|x64.Build.0 = Debug|Any CPU
		{3B3D0203-2883-4AEE-9FC2-566447C69CA7}.Release|Any CPU.ActiveCfg = Release|Any CPU
		{3B3D0203-2883-4AEE-9FC2-566447C69CA7}.Release|Any CPU.Build.0 = Release|Any CPU
		{3B3D0203-2883-4AEE-9FC2-566447C69CA7}.Release|x64.ActiveCfg = Release|Any CPU
		{3B3D0203-2883-4AEE-9FC2-566447C69CA7}.Release|x64.Build.0 = Release|Any CPU
		{1823E3A1-24FD-403B-BD90-7BF3B2E83478}.Debug|Any CPU.ActiveCfg = Debug|Any CPU
		{1823E3A1-24FD-403B-BD90-7BF3B2E83478}.Debug|Any CPU.Build.0 = Debug|Any CPU
		{1823E3A1-24FD-403B-BD90-7BF3B2E83478}.Debug|x64.ActiveCfg = Debug|x64
		{1823E3A1-24FD-403B-BD90-7BF3B2E83478}.Debug|x64.Build.0 = Debug|x64
		{1823E3A1-24FD-403B-BD90-7BF3B2E83478}.Release|Any CPU.ActiveCfg = Release|Any CPU
		{1823E3A1-24FD-403B-BD90-7BF3B2E83478}.Release|Any CPU.Build.0 = Release|Any CPU
		{1823E3A1-24FD-403B-BD90-7BF3B2E83478}.Release|x64.ActiveCfg = Release|Any CPU
		{1823E3A1-24FD-403B-BD90-7BF3B2E83478}.Release|x64.Build.0 = Release|Any CPU
		{1490B505-31C9-4098-B4B6-B478401D942B}.Debug|Any CPU.ActiveCfg = Debug|Any CPU
		{1490B505-31C9-4098-B4B6-B478401D942B}.Debug|Any CPU.Build.0 = Debug|Any CPU
		{1490B505-31C9-4098-B4B6-B478401D942B}.Debug|x64.ActiveCfg = Debug|x64
		{1490B505-31C9-4098-B4B6-B478401D942B}.Debug|x64.Build.0 = Debug|x64
		{1490B505-31C9-4098-B4B6-B478401D942B}.Release|Any CPU.ActiveCfg = Release|Any CPU
		{1490B505-31C9-4098-B4B6-B478401D942B}.Release|Any CPU.Build.0 = Release|Any CPU
		{1490B505-31C9-4098-B4B6-B478401D942B}.Release|x64.ActiveCfg = Release|Any CPU
		{1490B505-31C9-4098-B4B6-B478401D942B}.Release|x64.Build.0 = Release|Any CPU
		{501FC235-0C9E-4635-8A7A-9583213608CC}.Debug|Any CPU.ActiveCfg = Debug|Any CPU
		{501FC235-0C9E-4635-8A7A-9583213608CC}.Debug|Any CPU.Build.0 = Debug|Any CPU
		{501FC235-0C9E-4635-8A7A-9583213608CC}.Debug|x64.ActiveCfg = Debug|x64
		{501FC235-0C9E-4635-8A7A-9583213608CC}.Debug|x64.Build.0 = Debug|x64
		{501FC235-0C9E-4635-8A7A-9583213608CC}.Release|Any CPU.ActiveCfg = Release|Any CPU
		{501FC235-0C9E-4635-8A7A-9583213608CC}.Release|Any CPU.Build.0 = Release|Any CPU
		{501FC235-0C9E-4635-8A7A-9583213608CC}.Release|x64.ActiveCfg = Release|Any CPU
		{501FC235-0C9E-4635-8A7A-9583213608CC}.Release|x64.Build.0 = Release|Any CPU
		{B1B10767-2335-4887-A9D2-01A9C2DCA7BC}.Debug|Any CPU.ActiveCfg = Debug|Any CPU
		{B1B10767-2335-4887-A9D2-01A9C2DCA7BC}.Debug|Any CPU.Build.0 = Debug|Any CPU
		{B1B10767-2335-4887-A9D2-01A9C2DCA7BC}.Debug|x64.ActiveCfg = Debug|Any CPU
		{B1B10767-2335-4887-A9D2-01A9C2DCA7BC}.Debug|x64.Build.0 = Debug|Any CPU
		{B1B10767-2335-4887-A9D2-01A9C2DCA7BC}.Release|Any CPU.ActiveCfg = Release|Any CPU
		{B1B10767-2335-4887-A9D2-01A9C2DCA7BC}.Release|Any CPU.Build.0 = Release|Any CPU
		{B1B10767-2335-4887-A9D2-01A9C2DCA7BC}.Release|x64.ActiveCfg = Release|Any CPU
		{B1B10767-2335-4887-A9D2-01A9C2DCA7BC}.Release|x64.Build.0 = Release|Any CPU
		{DBC2AD9B-0B47-46A9-BDCB-7D849EF21271}.Debug|Any CPU.ActiveCfg = Debug|Any CPU
		{DBC2AD9B-0B47-46A9-BDCB-7D849EF21271}.Debug|Any CPU.Build.0 = Debug|Any CPU
		{DBC2AD9B-0B47-46A9-BDCB-7D849EF21271}.Debug|x64.ActiveCfg = Debug|x64
		{DBC2AD9B-0B47-46A9-BDCB-7D849EF21271}.Debug|x64.Build.0 = Debug|x64
		{DBC2AD9B-0B47-46A9-BDCB-7D849EF21271}.Release|Any CPU.ActiveCfg = Release|Any CPU
		{DBC2AD9B-0B47-46A9-BDCB-7D849EF21271}.Release|Any CPU.Build.0 = Release|Any CPU
		{DBC2AD9B-0B47-46A9-BDCB-7D849EF21271}.Release|x64.ActiveCfg = Release|Any CPU
		{DBC2AD9B-0B47-46A9-BDCB-7D849EF21271}.Release|x64.Build.0 = Release|Any CPU
		{BD700E9F-F509-4A62-B1EE-5C26C0E56FE8}.Debug|Any CPU.ActiveCfg = Debug|Any CPU
		{BD700E9F-F509-4A62-B1EE-5C26C0E56FE8}.Debug|Any CPU.Build.0 = Debug|Any CPU
		{BD700E9F-F509-4A62-B1EE-5C26C0E56FE8}.Debug|x64.ActiveCfg = Debug|Any CPU
		{BD700E9F-F509-4A62-B1EE-5C26C0E56FE8}.Debug|x64.Build.0 = Debug|Any CPU
		{BD700E9F-F509-4A62-B1EE-5C26C0E56FE8}.Release|Any CPU.ActiveCfg = Release|Any CPU
		{BD700E9F-F509-4A62-B1EE-5C26C0E56FE8}.Release|Any CPU.Build.0 = Release|Any CPU
		{BD700E9F-F509-4A62-B1EE-5C26C0E56FE8}.Release|x64.ActiveCfg = Release|Any CPU
		{BD700E9F-F509-4A62-B1EE-5C26C0E56FE8}.Release|x64.Build.0 = Release|Any CPU
		{AAA8C1AD-C0A4-4F14-A34E-5BEB81974E2D}.Debug|Any CPU.ActiveCfg = Debug|Any CPU
		{AAA8C1AD-C0A4-4F14-A34E-5BEB81974E2D}.Debug|Any CPU.Build.0 = Debug|Any CPU
		{AAA8C1AD-C0A4-4F14-A34E-5BEB81974E2D}.Debug|x64.ActiveCfg = Debug|x64
		{AAA8C1AD-C0A4-4F14-A34E-5BEB81974E2D}.Debug|x64.Build.0 = Debug|x64
		{AAA8C1AD-C0A4-4F14-A34E-5BEB81974E2D}.Release|Any CPU.ActiveCfg = Release|Any CPU
		{AAA8C1AD-C0A4-4F14-A34E-5BEB81974E2D}.Release|Any CPU.Build.0 = Release|Any CPU
		{AAA8C1AD-C0A4-4F14-A34E-5BEB81974E2D}.Release|x64.ActiveCfg = Release|Any CPU
		{AAA8C1AD-C0A4-4F14-A34E-5BEB81974E2D}.Release|x64.Build.0 = Release|Any CPU
		{2327473A-3430-42EB-AD1B-126A69B29952}.Debug|Any CPU.ActiveCfg = Debug|Any CPU
		{2327473A-3430-42EB-AD1B-126A69B29952}.Debug|Any CPU.Build.0 = Debug|Any CPU
		{2327473A-3430-42EB-AD1B-126A69B29952}.Debug|x64.ActiveCfg = Debug|x64
		{2327473A-3430-42EB-AD1B-126A69B29952}.Debug|x64.Build.0 = Debug|x64
		{2327473A-3430-42EB-AD1B-126A69B29952}.Release|Any CPU.ActiveCfg = Release|Any CPU
		{2327473A-3430-42EB-AD1B-126A69B29952}.Release|Any CPU.Build.0 = Release|Any CPU
		{2327473A-3430-42EB-AD1B-126A69B29952}.Release|x64.ActiveCfg = Release|Any CPU
		{2327473A-3430-42EB-AD1B-126A69B29952}.Release|x64.Build.0 = Release|Any CPU
		{3900B556-1A8A-452E-BBB4-55BADFCE9FD3}.Debug|Any CPU.ActiveCfg = Debug|Any CPU
		{3900B556-1A8A-452E-BBB4-55BADFCE9FD3}.Debug|Any CPU.Build.0 = Debug|Any CPU
		{3900B556-1A8A-452E-BBB4-55BADFCE9FD3}.Debug|x64.ActiveCfg = Debug|x64
		{3900B556-1A8A-452E-BBB4-55BADFCE9FD3}.Debug|x64.Build.0 = Debug|x64
		{3900B556-1A8A-452E-BBB4-55BADFCE9FD3}.Release|Any CPU.ActiveCfg = Release|Any CPU
		{3900B556-1A8A-452E-BBB4-55BADFCE9FD3}.Release|Any CPU.Build.0 = Release|Any CPU
		{3900B556-1A8A-452E-BBB4-55BADFCE9FD3}.Release|x64.ActiveCfg = Release|Any CPU
		{3900B556-1A8A-452E-BBB4-55BADFCE9FD3}.Release|x64.Build.0 = Release|Any CPU
		{5AE5AB93-3DF4-4638-A98C-2E027718D9A1}.Debug|Any CPU.ActiveCfg = Debug|Any CPU
		{5AE5AB93-3DF4-4638-A98C-2E027718D9A1}.Debug|Any CPU.Build.0 = Debug|Any CPU
		{5AE5AB93-3DF4-4638-A98C-2E027718D9A1}.Debug|x64.ActiveCfg = Debug|x64
		{5AE5AB93-3DF4-4638-A98C-2E027718D9A1}.Debug|x64.Build.0 = Debug|x64
		{5AE5AB93-3DF4-4638-A98C-2E027718D9A1}.Release|Any CPU.ActiveCfg = Release|Any CPU
		{5AE5AB93-3DF4-4638-A98C-2E027718D9A1}.Release|Any CPU.Build.0 = Release|Any CPU
		{5AE5AB93-3DF4-4638-A98C-2E027718D9A1}.Release|x64.ActiveCfg = Release|Any CPU
		{5AE5AB93-3DF4-4638-A98C-2E027718D9A1}.Release|x64.Build.0 = Release|Any CPU
		{98842937-E858-47F8-8558-3A5D51F76A71}.Debug|Any CPU.ActiveCfg = Debug|Any CPU
		{98842937-E858-47F8-8558-3A5D51F76A71}.Debug|Any CPU.Build.0 = Debug|Any CPU
		{98842937-E858-47F8-8558-3A5D51F76A71}.Debug|x64.ActiveCfg = Debug|x64
		{98842937-E858-47F8-8558-3A5D51F76A71}.Debug|x64.Build.0 = Debug|x64
		{98842937-E858-47F8-8558-3A5D51F76A71}.Release|Any CPU.ActiveCfg = Release|Any CPU
		{98842937-E858-47F8-8558-3A5D51F76A71}.Release|Any CPU.Build.0 = Release|Any CPU
		{98842937-E858-47F8-8558-3A5D51F76A71}.Release|x64.ActiveCfg = Release|Any CPU
		{98842937-E858-47F8-8558-3A5D51F76A71}.Release|x64.Build.0 = Release|Any CPU
		{0EAAD6F2-5234-44FC-9C54-E5003D7CBC28}.Debug|Any CPU.ActiveCfg = Debug|Any CPU
		{0EAAD6F2-5234-44FC-9C54-E5003D7CBC28}.Debug|Any CPU.Build.0 = Debug|Any CPU
		{0EAAD6F2-5234-44FC-9C54-E5003D7CBC28}.Debug|x64.ActiveCfg = Debug|x64
		{0EAAD6F2-5234-44FC-9C54-E5003D7CBC28}.Debug|x64.Build.0 = Debug|x64
		{0EAAD6F2-5234-44FC-9C54-E5003D7CBC28}.Release|Any CPU.ActiveCfg = Release|Any CPU
		{0EAAD6F2-5234-44FC-9C54-E5003D7CBC28}.Release|Any CPU.Build.0 = Release|Any CPU
		{0EAAD6F2-5234-44FC-9C54-E5003D7CBC28}.Release|x64.ActiveCfg = Release|Any CPU
		{0EAAD6F2-5234-44FC-9C54-E5003D7CBC28}.Release|x64.Build.0 = Release|Any CPU
		{F3A7342D-85FB-4A40-B4EC-CDC8E5FFD57E}.Debug|Any CPU.ActiveCfg = Debug|Any CPU
		{F3A7342D-85FB-4A40-B4EC-CDC8E5FFD57E}.Debug|Any CPU.Build.0 = Debug|Any CPU
		{F3A7342D-85FB-4A40-B4EC-CDC8E5FFD57E}.Debug|x64.ActiveCfg = Debug|x64
		{F3A7342D-85FB-4A40-B4EC-CDC8E5FFD57E}.Debug|x64.Build.0 = Debug|x64
		{F3A7342D-85FB-4A40-B4EC-CDC8E5FFD57E}.Release|Any CPU.ActiveCfg = Release|Any CPU
		{F3A7342D-85FB-4A40-B4EC-CDC8E5FFD57E}.Release|Any CPU.Build.0 = Release|Any CPU
		{F3A7342D-85FB-4A40-B4EC-CDC8E5FFD57E}.Release|x64.ActiveCfg = Release|Any CPU
		{F3A7342D-85FB-4A40-B4EC-CDC8E5FFD57E}.Release|x64.Build.0 = Release|Any CPU
		{15078B6D-53AD-484C-AA44-42F3CF624186}.Debug|Any CPU.ActiveCfg = Debug|Any CPU
		{15078B6D-53AD-484C-AA44-42F3CF624186}.Debug|Any CPU.Build.0 = Debug|Any CPU
		{15078B6D-53AD-484C-AA44-42F3CF624186}.Debug|x64.ActiveCfg = Debug|x64
		{15078B6D-53AD-484C-AA44-42F3CF624186}.Debug|x64.Build.0 = Debug|x64
		{15078B6D-53AD-484C-AA44-42F3CF624186}.Release|Any CPU.ActiveCfg = Release|Any CPU
		{15078B6D-53AD-484C-AA44-42F3CF624186}.Release|Any CPU.Build.0 = Release|Any CPU
		{15078B6D-53AD-484C-AA44-42F3CF624186}.Release|x64.ActiveCfg = Release|Any CPU
		{15078B6D-53AD-484C-AA44-42F3CF624186}.Release|x64.Build.0 = Release|Any CPU
		{4F1F9B64-0A1C-4BB9-BF26-D802C80145EB}.Debug|Any CPU.ActiveCfg = Debug|Any CPU
		{4F1F9B64-0A1C-4BB9-BF26-D802C80145EB}.Debug|Any CPU.Build.0 = Debug|Any CPU
		{4F1F9B64-0A1C-4BB9-BF26-D802C80145EB}.Debug|x64.ActiveCfg = Debug|x64
		{4F1F9B64-0A1C-4BB9-BF26-D802C80145EB}.Debug|x64.Build.0 = Debug|x64
		{4F1F9B64-0A1C-4BB9-BF26-D802C80145EB}.Release|Any CPU.ActiveCfg = Release|Any CPU
		{4F1F9B64-0A1C-4BB9-BF26-D802C80145EB}.Release|Any CPU.Build.0 = Release|Any CPU
		{4F1F9B64-0A1C-4BB9-BF26-D802C80145EB}.Release|x64.ActiveCfg = Release|Any CPU
		{4F1F9B64-0A1C-4BB9-BF26-D802C80145EB}.Release|x64.Build.0 = Release|Any CPU
		{46745C6F-DA63-497C-A0B4-64DF56648AAD}.Debug|Any CPU.ActiveCfg = Debug|Any CPU
		{46745C6F-DA63-497C-A0B4-64DF56648AAD}.Debug|Any CPU.Build.0 = Debug|Any CPU
		{46745C6F-DA63-497C-A0B4-64DF56648AAD}.Debug|x64.ActiveCfg = Debug|Any CPU
		{46745C6F-DA63-497C-A0B4-64DF56648AAD}.Debug|x64.Build.0 = Debug|Any CPU
		{46745C6F-DA63-497C-A0B4-64DF56648AAD}.Release|Any CPU.ActiveCfg = Release|Any CPU
		{46745C6F-DA63-497C-A0B4-64DF56648AAD}.Release|Any CPU.Build.0 = Release|Any CPU
		{46745C6F-DA63-497C-A0B4-64DF56648AAD}.Release|x64.ActiveCfg = Release|Any CPU
		{46745C6F-DA63-497C-A0B4-64DF56648AAD}.Release|x64.Build.0 = Release|Any CPU
		{5A6F312D-98DA-4F3D-BE33-81B46AB694D8}.Debug|Any CPU.ActiveCfg = Debug|Any CPU
		{5A6F312D-98DA-4F3D-BE33-81B46AB694D8}.Debug|Any CPU.Build.0 = Debug|Any CPU
		{5A6F312D-98DA-4F3D-BE33-81B46AB694D8}.Debug|x64.ActiveCfg = Debug|Any CPU
		{5A6F312D-98DA-4F3D-BE33-81B46AB694D8}.Debug|x64.Build.0 = Debug|Any CPU
		{5A6F312D-98DA-4F3D-BE33-81B46AB694D8}.Release|Any CPU.ActiveCfg = Release|Any CPU
		{5A6F312D-98DA-4F3D-BE33-81B46AB694D8}.Release|Any CPU.Build.0 = Release|Any CPU
		{5A6F312D-98DA-4F3D-BE33-81B46AB694D8}.Release|x64.ActiveCfg = Release|Any CPU
		{5A6F312D-98DA-4F3D-BE33-81B46AB694D8}.Release|x64.Build.0 = Release|Any CPU
		{70E3EB17-DCFA-4699-AD03-4506643BCAB6}.Debug|Any CPU.ActiveCfg = Debug|Any CPU
		{70E3EB17-DCFA-4699-AD03-4506643BCAB6}.Debug|Any CPU.Build.0 = Debug|Any CPU
		{70E3EB17-DCFA-4699-AD03-4506643BCAB6}.Debug|x64.ActiveCfg = Debug|Any CPU
		{70E3EB17-DCFA-4699-AD03-4506643BCAB6}.Debug|x64.Build.0 = Debug|Any CPU
		{70E3EB17-DCFA-4699-AD03-4506643BCAB6}.Release|Any CPU.ActiveCfg = Release|Any CPU
		{70E3EB17-DCFA-4699-AD03-4506643BCAB6}.Release|Any CPU.Build.0 = Release|Any CPU
		{70E3EB17-DCFA-4699-AD03-4506643BCAB6}.Release|x64.ActiveCfg = Release|Any CPU
		{70E3EB17-DCFA-4699-AD03-4506643BCAB6}.Release|x64.Build.0 = Release|Any CPU
		{DB469F66-63DE-4F5D-BB8A-CB9477D81216}.Debug|Any CPU.ActiveCfg = Debug|Any CPU
		{DB469F66-63DE-4F5D-BB8A-CB9477D81216}.Debug|Any CPU.Build.0 = Debug|Any CPU
		{DB469F66-63DE-4F5D-BB8A-CB9477D81216}.Debug|x64.ActiveCfg = Debug|Any CPU
		{DB469F66-63DE-4F5D-BB8A-CB9477D81216}.Debug|x64.Build.0 = Debug|Any CPU
		{DB469F66-63DE-4F5D-BB8A-CB9477D81216}.Release|Any CPU.ActiveCfg = Release|Any CPU
		{DB469F66-63DE-4F5D-BB8A-CB9477D81216}.Release|Any CPU.Build.0 = Release|Any CPU
		{DB469F66-63DE-4F5D-BB8A-CB9477D81216}.Release|x64.ActiveCfg = Release|Any CPU
		{DB469F66-63DE-4F5D-BB8A-CB9477D81216}.Release|x64.Build.0 = Release|Any CPU
		{3A9E9D6B-420F-4B50-9B62-007FBB56D034}.Debug|Any CPU.ActiveCfg = Debug|Any CPU
		{3A9E9D6B-420F-4B50-9B62-007FBB56D034}.Debug|Any CPU.Build.0 = Debug|Any CPU
		{3A9E9D6B-420F-4B50-9B62-007FBB56D034}.Debug|x64.ActiveCfg = Debug|Any CPU
		{3A9E9D6B-420F-4B50-9B62-007FBB56D034}.Debug|x64.Build.0 = Debug|Any CPU
		{3A9E9D6B-420F-4B50-9B62-007FBB56D034}.Release|Any CPU.ActiveCfg = Release|Any CPU
		{3A9E9D6B-420F-4B50-9B62-007FBB56D034}.Release|Any CPU.Build.0 = Release|Any CPU
		{3A9E9D6B-420F-4B50-9B62-007FBB56D034}.Release|x64.ActiveCfg = Release|Any CPU
		{3A9E9D6B-420F-4B50-9B62-007FBB56D034}.Release|x64.Build.0 = Release|Any CPU
		{C82E7FB3-C2FF-4B78-A288-3561B8041364}.Debug|Any CPU.ActiveCfg = Debug|Any CPU
		{C82E7FB3-C2FF-4B78-A288-3561B8041364}.Debug|Any CPU.Build.0 = Debug|Any CPU
		{C82E7FB3-C2FF-4B78-A288-3561B8041364}.Debug|x64.ActiveCfg = Debug|Any CPU
		{C82E7FB3-C2FF-4B78-A288-3561B8041364}.Debug|x64.Build.0 = Debug|Any CPU
		{C82E7FB3-C2FF-4B78-A288-3561B8041364}.Release|Any CPU.ActiveCfg = Release|Any CPU
		{C82E7FB3-C2FF-4B78-A288-3561B8041364}.Release|Any CPU.Build.0 = Release|Any CPU
		{C82E7FB3-C2FF-4B78-A288-3561B8041364}.Release|x64.ActiveCfg = Release|Any CPU
		{C82E7FB3-C2FF-4B78-A288-3561B8041364}.Release|x64.Build.0 = Release|Any CPU
		{C36425F3-3DD1-49D4-939B-99F07BEF9AE7}.Debug|Any CPU.ActiveCfg = Debug|Any CPU
		{C36425F3-3DD1-49D4-939B-99F07BEF9AE7}.Debug|Any CPU.Build.0 = Debug|Any CPU
		{C36425F3-3DD1-49D4-939B-99F07BEF9AE7}.Debug|x64.ActiveCfg = Debug|Any CPU
		{C36425F3-3DD1-49D4-939B-99F07BEF9AE7}.Debug|x64.Build.0 = Debug|Any CPU
		{C36425F3-3DD1-49D4-939B-99F07BEF9AE7}.Release|Any CPU.ActiveCfg = Release|Any CPU
		{C36425F3-3DD1-49D4-939B-99F07BEF9AE7}.Release|Any CPU.Build.0 = Release|Any CPU
		{C36425F3-3DD1-49D4-939B-99F07BEF9AE7}.Release|x64.ActiveCfg = Release|Any CPU
		{C36425F3-3DD1-49D4-939B-99F07BEF9AE7}.Release|x64.Build.0 = Release|Any CPU
		{19F78F50-3D0B-425B-8D36-5C8989AD30C6}.Debug|Any CPU.ActiveCfg = Debug|Any CPU
		{19F78F50-3D0B-425B-8D36-5C8989AD30C6}.Debug|Any CPU.Build.0 = Debug|Any CPU
		{19F78F50-3D0B-425B-8D36-5C8989AD30C6}.Debug|x64.ActiveCfg = Debug|Any CPU
		{19F78F50-3D0B-425B-8D36-5C8989AD30C6}.Debug|x64.Build.0 = Debug|Any CPU
		{19F78F50-3D0B-425B-8D36-5C8989AD30C6}.Release|Any CPU.ActiveCfg = Release|Any CPU
		{19F78F50-3D0B-425B-8D36-5C8989AD30C6}.Release|Any CPU.Build.0 = Release|Any CPU
		{19F78F50-3D0B-425B-8D36-5C8989AD30C6}.Release|x64.ActiveCfg = Release|Any CPU
		{19F78F50-3D0B-425B-8D36-5C8989AD30C6}.Release|x64.Build.0 = Release|Any CPU
		{AE811752-5C93-4AE6-8A96-018E9DED7F98}.Debug|Any CPU.ActiveCfg = Debug|Any CPU
		{AE811752-5C93-4AE6-8A96-018E9DED7F98}.Debug|Any CPU.Build.0 = Debug|Any CPU
		{AE811752-5C93-4AE6-8A96-018E9DED7F98}.Debug|x64.ActiveCfg = Debug|Any CPU
		{AE811752-5C93-4AE6-8A96-018E9DED7F98}.Debug|x64.Build.0 = Debug|Any CPU
		{AE811752-5C93-4AE6-8A96-018E9DED7F98}.Release|Any CPU.ActiveCfg = Release|Any CPU
		{AE811752-5C93-4AE6-8A96-018E9DED7F98}.Release|Any CPU.Build.0 = Release|Any CPU
		{AE811752-5C93-4AE6-8A96-018E9DED7F98}.Release|x64.ActiveCfg = Release|Any CPU
		{AE811752-5C93-4AE6-8A96-018E9DED7F98}.Release|x64.Build.0 = Release|Any CPU
		{71DB3706-B3E5-469F-834B-800A2AD6742C}.Debug|Any CPU.ActiveCfg = Debug|Any CPU
		{71DB3706-B3E5-469F-834B-800A2AD6742C}.Debug|Any CPU.Build.0 = Debug|Any CPU
		{71DB3706-B3E5-469F-834B-800A2AD6742C}.Debug|x64.ActiveCfg = Debug|Any CPU
		{71DB3706-B3E5-469F-834B-800A2AD6742C}.Debug|x64.Build.0 = Debug|Any CPU
		{71DB3706-B3E5-469F-834B-800A2AD6742C}.Release|Any CPU.ActiveCfg = Release|Any CPU
		{71DB3706-B3E5-469F-834B-800A2AD6742C}.Release|Any CPU.Build.0 = Release|Any CPU
		{71DB3706-B3E5-469F-834B-800A2AD6742C}.Release|x64.ActiveCfg = Release|Any CPU
		{71DB3706-B3E5-469F-834B-800A2AD6742C}.Release|x64.Build.0 = Release|Any CPU
		{A15782BE-5AC2-4743-905E-42389FF16390}.Debug|Any CPU.ActiveCfg = Debug|Any CPU
		{A15782BE-5AC2-4743-905E-42389FF16390}.Debug|Any CPU.Build.0 = Debug|Any CPU
		{A15782BE-5AC2-4743-905E-42389FF16390}.Debug|x64.ActiveCfg = Debug|Any CPU
		{A15782BE-5AC2-4743-905E-42389FF16390}.Debug|x64.Build.0 = Debug|Any CPU
		{A15782BE-5AC2-4743-905E-42389FF16390}.Release|Any CPU.ActiveCfg = Release|Any CPU
		{A15782BE-5AC2-4743-905E-42389FF16390}.Release|Any CPU.Build.0 = Release|Any CPU
		{A15782BE-5AC2-4743-905E-42389FF16390}.Release|x64.ActiveCfg = Release|Any CPU
		{A15782BE-5AC2-4743-905E-42389FF16390}.Release|x64.Build.0 = Release|Any CPU
		{3DB1401B-6BBE-46CF-BE18-1B6D025E680F}.Debug|Any CPU.ActiveCfg = Debug|Any CPU
		{3DB1401B-6BBE-46CF-BE18-1B6D025E680F}.Debug|Any CPU.Build.0 = Debug|Any CPU
		{3DB1401B-6BBE-46CF-BE18-1B6D025E680F}.Debug|x64.ActiveCfg = Debug|Any CPU
		{3DB1401B-6BBE-46CF-BE18-1B6D025E680F}.Debug|x64.Build.0 = Debug|Any CPU
		{3DB1401B-6BBE-46CF-BE18-1B6D025E680F}.Release|Any CPU.ActiveCfg = Release|Any CPU
		{3DB1401B-6BBE-46CF-BE18-1B6D025E680F}.Release|Any CPU.Build.0 = Release|Any CPU
		{3DB1401B-6BBE-46CF-BE18-1B6D025E680F}.Release|x64.ActiveCfg = Release|Any CPU
		{3DB1401B-6BBE-46CF-BE18-1B6D025E680F}.Release|x64.Build.0 = Release|Any CPU
		{66CE1A96-EE7B-424E-81B2-75ACC06D5EE6}.Debug|Any CPU.ActiveCfg = Debug|Any CPU
		{66CE1A96-EE7B-424E-81B2-75ACC06D5EE6}.Debug|Any CPU.Build.0 = Debug|Any CPU
		{66CE1A96-EE7B-424E-81B2-75ACC06D5EE6}.Debug|x64.ActiveCfg = Debug|Any CPU
		{66CE1A96-EE7B-424E-81B2-75ACC06D5EE6}.Debug|x64.Build.0 = Debug|Any CPU
		{66CE1A96-EE7B-424E-81B2-75ACC06D5EE6}.Release|Any CPU.ActiveCfg = Release|Any CPU
		{66CE1A96-EE7B-424E-81B2-75ACC06D5EE6}.Release|Any CPU.Build.0 = Release|Any CPU
		{66CE1A96-EE7B-424E-81B2-75ACC06D5EE6}.Release|x64.ActiveCfg = Release|Any CPU
		{66CE1A96-EE7B-424E-81B2-75ACC06D5EE6}.Release|x64.Build.0 = Release|Any CPU
		{B62A14BF-72F1-4734-905A-9297C05DBA8B}.Debug|Any CPU.ActiveCfg = Debug|Any CPU
		{B62A14BF-72F1-4734-905A-9297C05DBA8B}.Debug|Any CPU.Build.0 = Debug|Any CPU
		{B62A14BF-72F1-4734-905A-9297C05DBA8B}.Debug|x64.ActiveCfg = Debug|Any CPU
		{B62A14BF-72F1-4734-905A-9297C05DBA8B}.Debug|x64.Build.0 = Debug|Any CPU
		{B62A14BF-72F1-4734-905A-9297C05DBA8B}.Release|Any CPU.ActiveCfg = Release|Any CPU
		{B62A14BF-72F1-4734-905A-9297C05DBA8B}.Release|Any CPU.Build.0 = Release|Any CPU
		{B62A14BF-72F1-4734-905A-9297C05DBA8B}.Release|x64.ActiveCfg = Release|Any CPU
		{B62A14BF-72F1-4734-905A-9297C05DBA8B}.Release|x64.Build.0 = Release|Any CPU
		{4F7F5EB1-039E-4CB0-A01D-C45B08A9A5BD}.Debug|Any CPU.ActiveCfg = Debug|Any CPU
		{4F7F5EB1-039E-4CB0-A01D-C45B08A9A5BD}.Debug|Any CPU.Build.0 = Debug|Any CPU
		{4F7F5EB1-039E-4CB0-A01D-C45B08A9A5BD}.Debug|x64.ActiveCfg = Debug|Any CPU
		{4F7F5EB1-039E-4CB0-A01D-C45B08A9A5BD}.Debug|x64.Build.0 = Debug|Any CPU
		{4F7F5EB1-039E-4CB0-A01D-C45B08A9A5BD}.Release|Any CPU.ActiveCfg = Release|Any CPU
		{4F7F5EB1-039E-4CB0-A01D-C45B08A9A5BD}.Release|Any CPU.Build.0 = Release|Any CPU
		{4F7F5EB1-039E-4CB0-A01D-C45B08A9A5BD}.Release|x64.ActiveCfg = Release|Any CPU
		{4F7F5EB1-039E-4CB0-A01D-C45B08A9A5BD}.Release|x64.Build.0 = Release|Any CPU
		{CB9AB7B9-84C2-4C60-B9A9-B2D250A98020}.Debug|Any CPU.ActiveCfg = Debug|Any CPU
		{CB9AB7B9-84C2-4C60-B9A9-B2D250A98020}.Debug|Any CPU.Build.0 = Debug|Any CPU
		{CB9AB7B9-84C2-4C60-B9A9-B2D250A98020}.Debug|x64.ActiveCfg = Debug|Any CPU
		{CB9AB7B9-84C2-4C60-B9A9-B2D250A98020}.Debug|x64.Build.0 = Debug|Any CPU
		{CB9AB7B9-84C2-4C60-B9A9-B2D250A98020}.Release|Any CPU.ActiveCfg = Release|Any CPU
		{CB9AB7B9-84C2-4C60-B9A9-B2D250A98020}.Release|Any CPU.Build.0 = Release|Any CPU
		{CB9AB7B9-84C2-4C60-B9A9-B2D250A98020}.Release|x64.ActiveCfg = Release|Any CPU
		{CB9AB7B9-84C2-4C60-B9A9-B2D250A98020}.Release|x64.Build.0 = Release|Any CPU
		{87246907-8646-429C-A08C-893E090B3C45}.Debug|Any CPU.ActiveCfg = Debug|Any CPU
		{87246907-8646-429C-A08C-893E090B3C45}.Debug|Any CPU.Build.0 = Debug|Any CPU
		{87246907-8646-429C-A08C-893E090B3C45}.Debug|x64.ActiveCfg = Debug|Any CPU
		{87246907-8646-429C-A08C-893E090B3C45}.Debug|x64.Build.0 = Debug|Any CPU
		{87246907-8646-429C-A08C-893E090B3C45}.Release|Any CPU.ActiveCfg = Release|Any CPU
		{87246907-8646-429C-A08C-893E090B3C45}.Release|Any CPU.Build.0 = Release|Any CPU
		{87246907-8646-429C-A08C-893E090B3C45}.Release|x64.ActiveCfg = Release|Any CPU
		{87246907-8646-429C-A08C-893E090B3C45}.Release|x64.Build.0 = Release|Any CPU
		{883575D7-FA8B-4AB9-868E-FE9346674C61}.Debug|Any CPU.ActiveCfg = Debug|Any CPU
		{883575D7-FA8B-4AB9-868E-FE9346674C61}.Debug|Any CPU.Build.0 = Debug|Any CPU
		{883575D7-FA8B-4AB9-868E-FE9346674C61}.Debug|x64.ActiveCfg = Debug|Any CPU
		{883575D7-FA8B-4AB9-868E-FE9346674C61}.Debug|x64.Build.0 = Debug|Any CPU
		{883575D7-FA8B-4AB9-868E-FE9346674C61}.Release|Any CPU.ActiveCfg = Release|Any CPU
		{883575D7-FA8B-4AB9-868E-FE9346674C61}.Release|Any CPU.Build.0 = Release|Any CPU
		{883575D7-FA8B-4AB9-868E-FE9346674C61}.Release|x64.ActiveCfg = Release|Any CPU
		{883575D7-FA8B-4AB9-868E-FE9346674C61}.Release|x64.Build.0 = Release|Any CPU
		{05A7815F-1F66-42C0-861A-710032E27720}.Debug|Any CPU.ActiveCfg = Debug|Any CPU
		{05A7815F-1F66-42C0-861A-710032E27720}.Debug|Any CPU.Build.0 = Debug|Any CPU
		{05A7815F-1F66-42C0-861A-710032E27720}.Debug|x64.ActiveCfg = Debug|Any CPU
		{05A7815F-1F66-42C0-861A-710032E27720}.Debug|x64.Build.0 = Debug|Any CPU
		{05A7815F-1F66-42C0-861A-710032E27720}.Release|Any CPU.ActiveCfg = Release|Any CPU
		{05A7815F-1F66-42C0-861A-710032E27720}.Release|Any CPU.Build.0 = Release|Any CPU
		{05A7815F-1F66-42C0-861A-710032E27720}.Release|x64.ActiveCfg = Release|Any CPU
		{05A7815F-1F66-42C0-861A-710032E27720}.Release|x64.Build.0 = Release|Any CPU
		{0E5DE8D4-7839-481D-AEAB-A70CB157C822}.Debug|Any CPU.ActiveCfg = Debug|Any CPU
		{0E5DE8D4-7839-481D-AEAB-A70CB157C822}.Debug|Any CPU.Build.0 = Debug|Any CPU
		{0E5DE8D4-7839-481D-AEAB-A70CB157C822}.Debug|x64.ActiveCfg = Debug|Any CPU
		{0E5DE8D4-7839-481D-AEAB-A70CB157C822}.Debug|x64.Build.0 = Debug|Any CPU
		{0E5DE8D4-7839-481D-AEAB-A70CB157C822}.Release|Any CPU.ActiveCfg = Release|Any CPU
		{0E5DE8D4-7839-481D-AEAB-A70CB157C822}.Release|Any CPU.Build.0 = Release|Any CPU
		{0E5DE8D4-7839-481D-AEAB-A70CB157C822}.Release|x64.ActiveCfg = Release|Any CPU
		{0E5DE8D4-7839-481D-AEAB-A70CB157C822}.Release|x64.Build.0 = Release|Any CPU
		{EFF2E69C-7C53-4CD3-A462-E392ED4BBD7F}.Debug|Any CPU.ActiveCfg = Debug|Any CPU
		{EFF2E69C-7C53-4CD3-A462-E392ED4BBD7F}.Debug|Any CPU.Build.0 = Debug|Any CPU
		{EFF2E69C-7C53-4CD3-A462-E392ED4BBD7F}.Debug|x64.ActiveCfg = Debug|Any CPU
		{EFF2E69C-7C53-4CD3-A462-E392ED4BBD7F}.Debug|x64.Build.0 = Debug|Any CPU
		{EFF2E69C-7C53-4CD3-A462-E392ED4BBD7F}.Release|Any CPU.ActiveCfg = Release|Any CPU
		{EFF2E69C-7C53-4CD3-A462-E392ED4BBD7F}.Release|Any CPU.Build.0 = Release|Any CPU
		{EFF2E69C-7C53-4CD3-A462-E392ED4BBD7F}.Release|x64.ActiveCfg = Release|Any CPU
		{EFF2E69C-7C53-4CD3-A462-E392ED4BBD7F}.Release|x64.Build.0 = Release|Any CPU
		{8100111B-0FE8-4BF1-B504-25E3A2991C54}.Debug|Any CPU.ActiveCfg = Debug|Any CPU
		{8100111B-0FE8-4BF1-B504-25E3A2991C54}.Debug|Any CPU.Build.0 = Debug|Any CPU
		{8100111B-0FE8-4BF1-B504-25E3A2991C54}.Debug|x64.ActiveCfg = Debug|Any CPU
		{8100111B-0FE8-4BF1-B504-25E3A2991C54}.Debug|x64.Build.0 = Debug|Any CPU
		{8100111B-0FE8-4BF1-B504-25E3A2991C54}.Release|Any CPU.ActiveCfg = Release|Any CPU
		{8100111B-0FE8-4BF1-B504-25E3A2991C54}.Release|Any CPU.Build.0 = Release|Any CPU
		{8100111B-0FE8-4BF1-B504-25E3A2991C54}.Release|x64.ActiveCfg = Release|Any CPU
		{8100111B-0FE8-4BF1-B504-25E3A2991C54}.Release|x64.Build.0 = Release|Any CPU
		{F0059456-2AC4-43D5-ACE1-AF9BD0303AC9}.Debug|Any CPU.ActiveCfg = Debug|Any CPU
		{F0059456-2AC4-43D5-ACE1-AF9BD0303AC9}.Debug|Any CPU.Build.0 = Debug|Any CPU
		{F0059456-2AC4-43D5-ACE1-AF9BD0303AC9}.Debug|x64.ActiveCfg = Debug|Any CPU
		{F0059456-2AC4-43D5-ACE1-AF9BD0303AC9}.Debug|x64.Build.0 = Debug|Any CPU
		{F0059456-2AC4-43D5-ACE1-AF9BD0303AC9}.Release|Any CPU.ActiveCfg = Release|Any CPU
		{F0059456-2AC4-43D5-ACE1-AF9BD0303AC9}.Release|Any CPU.Build.0 = Release|Any CPU
		{F0059456-2AC4-43D5-ACE1-AF9BD0303AC9}.Release|x64.ActiveCfg = Release|Any CPU
		{F0059456-2AC4-43D5-ACE1-AF9BD0303AC9}.Release|x64.Build.0 = Release|Any CPU
		{CDB9C74E-511A-45DD-9CA5-5DAC6AD9DC80}.Debug|Any CPU.ActiveCfg = Debug|Any CPU
		{CDB9C74E-511A-45DD-9CA5-5DAC6AD9DC80}.Debug|Any CPU.Build.0 = Debug|Any CPU
		{CDB9C74E-511A-45DD-9CA5-5DAC6AD9DC80}.Debug|x64.ActiveCfg = Debug|Any CPU
		{CDB9C74E-511A-45DD-9CA5-5DAC6AD9DC80}.Debug|x64.Build.0 = Debug|Any CPU
		{CDB9C74E-511A-45DD-9CA5-5DAC6AD9DC80}.Release|Any CPU.ActiveCfg = Release|Any CPU
		{CDB9C74E-511A-45DD-9CA5-5DAC6AD9DC80}.Release|Any CPU.Build.0 = Release|Any CPU
		{CDB9C74E-511A-45DD-9CA5-5DAC6AD9DC80}.Release|x64.ActiveCfg = Release|Any CPU
		{CDB9C74E-511A-45DD-9CA5-5DAC6AD9DC80}.Release|x64.Build.0 = Release|Any CPU
		{2BEA556A-80B2-4C80-B0BB-5138EE642A2B}.Debug|Any CPU.ActiveCfg = Debug|Any CPU
		{2BEA556A-80B2-4C80-B0BB-5138EE642A2B}.Debug|Any CPU.Build.0 = Debug|Any CPU
		{2BEA556A-80B2-4C80-B0BB-5138EE642A2B}.Debug|x64.ActiveCfg = Debug|Any CPU
		{2BEA556A-80B2-4C80-B0BB-5138EE642A2B}.Debug|x64.Build.0 = Debug|Any CPU
		{2BEA556A-80B2-4C80-B0BB-5138EE642A2B}.Release|Any CPU.ActiveCfg = Release|Any CPU
		{2BEA556A-80B2-4C80-B0BB-5138EE642A2B}.Release|Any CPU.Build.0 = Release|Any CPU
		{2BEA556A-80B2-4C80-B0BB-5138EE642A2B}.Release|x64.ActiveCfg = Release|Any CPU
		{2BEA556A-80B2-4C80-B0BB-5138EE642A2B}.Release|x64.Build.0 = Release|Any CPU
		{AA2F3813-B99A-4058-B8E9-1D7F67411F07}.Debug|Any CPU.ActiveCfg = Debug|Any CPU
		{AA2F3813-B99A-4058-B8E9-1D7F67411F07}.Debug|Any CPU.Build.0 = Debug|Any CPU
		{AA2F3813-B99A-4058-B8E9-1D7F67411F07}.Debug|x64.ActiveCfg = Debug|Any CPU
		{AA2F3813-B99A-4058-B8E9-1D7F67411F07}.Debug|x64.Build.0 = Debug|Any CPU
		{AA2F3813-B99A-4058-B8E9-1D7F67411F07}.Release|Any CPU.ActiveCfg = Release|Any CPU
		{AA2F3813-B99A-4058-B8E9-1D7F67411F07}.Release|Any CPU.Build.0 = Release|Any CPU
		{AA2F3813-B99A-4058-B8E9-1D7F67411F07}.Release|x64.ActiveCfg = Release|Any CPU
		{AA2F3813-B99A-4058-B8E9-1D7F67411F07}.Release|x64.Build.0 = Release|Any CPU
	EndGlobalSection
	GlobalSection(SolutionProperties) = preSolution
		HideSolutionNode = FALSE
	EndGlobalSection
	GlobalSection(NestedProjects) = preSolution
		{00E48066-C163-4111-B4BC-4162EEDF0007} = {F0AB6902-24DF-4A70-AD1B-ED7917A47394}
		{35FAF4C4-0A67-4619-9082-D5826A3BADBA} = {F0AB6902-24DF-4A70-AD1B-ED7917A47394}
		{C6D0EA2D-67B1-4469-ADA5-9083D1AA4252} = {F0AB6902-24DF-4A70-AD1B-ED7917A47394}
		{62CA6A1D-EF5B-4F9C-A66A-1D986D860927} = {D7306FF5-8A9F-492B-A85D-5FBBC877F213}
		{DF1DAEDB-3BE6-4C77-AAEC-B1731ADC2795} = {D7306FF5-8A9F-492B-A85D-5FBBC877F213}
		{AFF03D57-D8FC-4CC1-9463-F27414310661} = {96D518EE-4A86-4872-9A14-F35E5A03D1C5}
		{4769A9BB-2302-4FF8-994B-0BBD6997423E} = {26727660-447D-4AA4-9CFA-8092996DB5EE}
		{05EF9257-6A16-41AF-AA26-647DB8D484A6} = {96D518EE-4A86-4872-9A14-F35E5A03D1C5}
		{3B25F622-1E79-4F09-ACD4-D3473621FDD5} = {D7306FF5-8A9F-492B-A85D-5FBBC877F213}
		{743D0C1D-9345-447C-9A28-BBC4CFC9686D} = {D7306FF5-8A9F-492B-A85D-5FBBC877F213}
		{12F668BB-75AC-496B-8C40-07809B150382} = {D7306FF5-8A9F-492B-A85D-5FBBC877F213}
		{20EA4F88-4E03-4DE7-9E6F-CFE7C5132D50} = {D7306FF5-8A9F-492B-A85D-5FBBC877F213}
		{3B3D0203-2883-4AEE-9FC2-566447C69CA7} = {1BAD3139-7B5D-4765-9946-58DEC5EF66D1}
		{1823E3A1-24FD-403B-BD90-7BF3B2E83478} = {D7306FF5-8A9F-492B-A85D-5FBBC877F213}
		{1490B505-31C9-4098-B4B6-B478401D942B} = {D7306FF5-8A9F-492B-A85D-5FBBC877F213}
		{501FC235-0C9E-4635-8A7A-9583213608CC} = {1BAD3139-7B5D-4765-9946-58DEC5EF66D1}
		{B1B10767-2335-4887-A9D2-01A9C2DCA7BC} = {1BAD3139-7B5D-4765-9946-58DEC5EF66D1}
		{DBC2AD9B-0B47-46A9-BDCB-7D849EF21271} = {1BAD3139-7B5D-4765-9946-58DEC5EF66D1}
		{BD700E9F-F509-4A62-B1EE-5C26C0E56FE8} = {1BAD3139-7B5D-4765-9946-58DEC5EF66D1}
		{2327473A-3430-42EB-AD1B-126A69B29952} = {C04C1E2B-A6D9-4EB0-AC29-74A537DA03C6}
		{3900B556-1A8A-452E-BBB4-55BADFCE9FD3} = {C04C1E2B-A6D9-4EB0-AC29-74A537DA03C6}
		{5AE5AB93-3DF4-4638-A98C-2E027718D9A1} = {1BAD3139-7B5D-4765-9946-58DEC5EF66D1}
		{98842937-E858-47F8-8558-3A5D51F76A71} = {D7306FF5-8A9F-492B-A85D-5FBBC877F213}
		{0EAAD6F2-5234-44FC-9C54-E5003D7CBC28} = {8C42D349-CB5F-4637-8639-201EED8235E7}
		{F3A7342D-85FB-4A40-B4EC-CDC8E5FFD57E} = {D7306FF5-8A9F-492B-A85D-5FBBC877F213}
		{15078B6D-53AD-484C-AA44-42F3CF624186} = {D7306FF5-8A9F-492B-A85D-5FBBC877F213}
		{4F1F9B64-0A1C-4BB9-BF26-D802C80145EB} = {D7306FF5-8A9F-492B-A85D-5FBBC877F213}
		{46745C6F-DA63-497C-A0B4-64DF56648AAD} = {D7306FF5-8A9F-492B-A85D-5FBBC877F213}
		{5A6F312D-98DA-4F3D-BE33-81B46AB694D8} = {1BAD3139-7B5D-4765-9946-58DEC5EF66D1}
		{70E3EB17-DCFA-4699-AD03-4506643BCAB6} = {C04C1E2B-A6D9-4EB0-AC29-74A537DA03C6}
		{DB469F66-63DE-4F5D-BB8A-CB9477D81216} = {1BAD3139-7B5D-4765-9946-58DEC5EF66D1}
		{3A9E9D6B-420F-4B50-9B62-007FBB56D034} = {C04C1E2B-A6D9-4EB0-AC29-74A537DA03C6}
		{C82E7FB3-C2FF-4B78-A288-3561B8041364} = {C04C1E2B-A6D9-4EB0-AC29-74A537DA03C6}
		{485C1406-5784-40F8-8732-622F4AFF393D} = {F0AB6902-24DF-4A70-AD1B-ED7917A47394}
		{C36425F3-3DD1-49D4-939B-99F07BEF9AE7} = {485C1406-5784-40F8-8732-622F4AFF393D}
		{19F78F50-3D0B-425B-8D36-5C8989AD30C6} = {F0AB6902-24DF-4A70-AD1B-ED7917A47394}
		{AE811752-5C93-4AE6-8A96-018E9DED7F98} = {D7306FF5-8A9F-492B-A85D-5FBBC877F213}
		{71DB3706-B3E5-469F-834B-800A2AD6742C} = {D7306FF5-8A9F-492B-A85D-5FBBC877F213}
		{A15782BE-5AC2-4743-905E-42389FF16390} = {D7306FF5-8A9F-492B-A85D-5FBBC877F213}
		{3DB1401B-6BBE-46CF-BE18-1B6D025E680F} = {D7306FF5-8A9F-492B-A85D-5FBBC877F213}
		{66CE1A96-EE7B-424E-81B2-75ACC06D5EE6} = {96D518EE-4A86-4872-9A14-F35E5A03D1C5}
		{B62A14BF-72F1-4734-905A-9297C05DBA8B} = {1BAD3139-7B5D-4765-9946-58DEC5EF66D1}
		{4F7F5EB1-039E-4CB0-A01D-C45B08A9A5BD} = {26727660-447D-4AA4-9CFA-8092996DB5EE}
		{26727660-447D-4AA4-9CFA-8092996DB5EE} = {C04C1E2B-A6D9-4EB0-AC29-74A537DA03C6}
		{CB9AB7B9-84C2-4C60-B9A9-B2D250A98020} = {D7306FF5-8A9F-492B-A85D-5FBBC877F213}
		{87246907-8646-429C-A08C-893E090B3C45} = {D7306FF5-8A9F-492B-A85D-5FBBC877F213}
		{883575D7-FA8B-4AB9-868E-FE9346674C61} = {D7306FF5-8A9F-492B-A85D-5FBBC877F213}
		{05A7815F-1F66-42C0-861A-710032E27720} = {96D518EE-4A86-4872-9A14-F35E5A03D1C5}
		{0E5DE8D4-7839-481D-AEAB-A70CB157C822} = {F0AB6902-24DF-4A70-AD1B-ED7917A47394}
		{EFF2E69C-7C53-4CD3-A462-E392ED4BBD7F} = {D7306FF5-8A9F-492B-A85D-5FBBC877F213}
		{8100111B-0FE8-4BF1-B504-25E3A2991C54} = {1BAD3139-7B5D-4765-9946-58DEC5EF66D1}
		{F0059456-2AC4-43D5-ACE1-AF9BD0303AC9} = {C04C1E2B-A6D9-4EB0-AC29-74A537DA03C6}
		{CDB9C74E-511A-45DD-9CA5-5DAC6AD9DC80} = {D7306FF5-8A9F-492B-A85D-5FBBC877F213}
		{2BEA556A-80B2-4C80-B0BB-5138EE642A2B} = {96D518EE-4A86-4872-9A14-F35E5A03D1C5}
		{AA2F3813-B99A-4058-B8E9-1D7F67411F07} = {96D518EE-4A86-4872-9A14-F35E5A03D1C5}
	EndGlobalSection
	GlobalSection(ExtensibilityGlobals) = postSolution
		SolutionGuid = {F8610FE3-81DA-4ADD-AB03-6EE41834DAD9}
	EndGlobalSection
EndGlobal
